schema: '2.0'
stages:
  poll:
    cmd: python -m src.jobs.poll_market_data
    deps:
    - path: src/jobs/poll_market_data.py
      hash: md5
      md5: ce3dbeb0a03bd7cbf5fc669000b38ef5
      size: 2471
    outs:
    - path: data/raw/latest.csv
      hash: md5
      md5: e18f5b9474e348ca44b25e2f6ffcb94a
      size: 9245
  features:
    cmd: python -m src.features.run_features --input data/raw/latest.csv 
      --timestamp manual
    deps:
    - path: data/raw/latest.csv
      hash: md5
      md5: e18f5b9474e348ca44b25e2f6ffcb94a
      size: 9245
    - path: src/features
      hash: md5
      md5: 134221ae73ca29f747d2390baeb0c197.dir
      size: 24443
      nfiles: 8
    params:
      params.yaml:
        run_ts: manual
    outs:
    - path: data/features/latest.parquet
      hash: md5
      md5: a549d019a7184067277d316d4e2e0754
      size: 6796
  regimes:
    cmd: python -m src.regimes.run_regime_detection --input 
      data/features/latest.parquet --timestamp manual
    deps:
    - path: data/features/latest.parquet
      hash: md5
      md5: a549d019a7184067277d316d4e2e0754
      size: 6796
    - path: src/regimes
      hash: md5
      md5: 3ef489bf75f724e6937e7bfbadacf34d.dir
      size: 12742
      nfiles: 6
    params:
      params.yaml:
        run_ts: manual
    outs:
    - path: data/regimes/latest.parquet
      hash: md5
      md5: 87b1c862cffc4b6513de9e021b6287b8
      size: 8268
  predict:
    cmd: python -m src.inference.batch_predict --features-path 
      data/features/latest.parquet
    deps:
    - path: data/features/latest.parquet
      hash: md5
      md5: a549d019a7184067277d316d4e2e0754
      size: 6796
    - path: data/regimes/latest.parquet
      hash: md5
      md5: 87b1c862cffc4b6513de9e021b6287b8
      size: 8268
    - path: src/inference
      hash: md5
      md5: 8562ec11b021812cf7491bcfdc2202d0.dir
      size: 38920
      nfiles: 2
    outs:
    - path: data/predictions/latest.parquet
      hash: md5
      md5: d6196489db8188e0cb1eaf44ffdc4e1d
      size: 8265
  evaluate:
    cmd: python -m src.eval.run_evaluator --features 
      data/features/latest.parquet --regimes data/regimes/latest.parquet 
      --predictions data/predictions/latest.parquet --out-dir data/scorecards
    deps:
    - path: data/features/latest.parquet
      hash: md5
      md5: a549d019a7184067277d316d4e2e0754
      size: 6796
    - path: data/predictions/latest.parquet
      hash: md5
      md5: d6196489db8188e0cb1eaf44ffdc4e1d
      size: 8265
    - path: data/regimes/latest.parquet
      hash: md5
      md5: 87b1c862cffc4b6513de9e021b6287b8
      size: 8268
    - path: src/eval
      hash: md5
      md5: c13b6ad18fa203aa1ba8cfd0cd05e65d.dir
      size: 33188
      nfiles: 6
    outs:
    - path: data/scorecards/latest.parquet
      hash: md5
      md5: ea13a6bb83f69c6dbf6ae3a058b71c75
      size: 4032
  switch:
    cmd: python -m src.deploy.switcher
    deps:
    - path: data/scorecards/latest.parquet
      hash: md5
      md5: ea13a6bb83f69c6dbf6ae3a058b71c75
      size: 4032
    - path: src/deploy
      hash: md5
      md5: a0c23d6a1e89781873f3841645089663.dir
      size: 20435
      nfiles: 4
