schema: '2.0'
stages:
  poll:
    cmd: python -m src.jobs.poll_market_data
    deps:
    - path: src/jobs/poll_market_data.py
      hash: md5
      md5: a346bd3334cd27044e2b53f5d41f464d
      size: 2955
    outs:
    - path: data/raw/latest.csv
      hash: md5
      md5: 3b43a4d04fededcbadf05083856580d4
      size: 949394
  features:
    cmd: python -m src.features.run_features --input data/raw/latest.csv --timestamp
      manual
    deps:
    - path: data/raw/latest.csv
      hash: md5
      md5: 3b43a4d04fededcbadf05083856580d4
      size: 949394
    - path: src/features
      hash: md5
      md5: d27515071dc13a8956155ef6e887bee6.dir
      size: 33114
      nfiles: 10
    params:
      params.yaml:
        run_ts: manual
    outs:
    - path: data/features/latest.parquet
      hash: md5
      md5: 3b6dbd22d8b019db73baa98fd8e7ea90
      size: 240553
  regimes:
    cmd: python -m src.regimes.run_regime_detection --input data/features/latest.parquet
      --timestamp manual
    deps:
    - path: data/features/latest.parquet
      hash: md5
      md5: 3b6dbd22d8b019db73baa98fd8e7ea90
      size: 240553
    - path: src/regimes
      hash: md5
      md5: 7d333939698d81fc1de3f7e1fb49d89b.dir
      size: 59411
      nfiles: 10
    params:
      params.yaml:
        run_ts: manual
    outs:
    - path: data/regimes/latest.parquet
      hash: md5
      md5: 736e38b3fa3b1abefd6ce8342d842615
      size: 242190
  predict:
    cmd: python -m src.inference.batch_predict --features-path data/features/latest.parquet
    deps:
    - path: data/features/latest.parquet
      hash: md5
      md5: 3b6dbd22d8b019db73baa98fd8e7ea90
      size: 240553
    - path: data/regimes/latest.parquet
      hash: md5
      md5: 736e38b3fa3b1abefd6ce8342d842615
      size: 242190
    - path: src/inference
      hash: md5
      md5: c2e37985e53a1410e3198bce8d8fac3b.dir
      size: 55968
      nfiles: 2
    outs:
    - path: data/predictions/latest.parquet
      hash: md5
      md5: 85e14f9878a253681661e451773a615a
      size: 155765
  evaluate:
    cmd: python -m src.eval.run_evaluator --features data/features/latest.parquet
      --regimes data/regimes/latest.parquet --predictions data/predictions/latest.parquet
      --out-dir data/scorecards
    deps:
    - path: data/features/latest.parquet
      hash: md5
      md5: 3b6dbd22d8b019db73baa98fd8e7ea90
      size: 240553
    - path: data/predictions/latest.parquet
      hash: md5
      md5: 85e14f9878a253681661e451773a615a
      size: 155765
    - path: data/regimes/latest.parquet
      hash: md5
      md5: 736e38b3fa3b1abefd6ce8342d842615
      size: 242190
    - path: src/eval
      hash: md5
      md5: 25207ba33d946bc012297ef9868a0c1b.dir
      size: 76623
      nfiles: 10
    outs:
    - path: data/scorecards/latest.parquet
      hash: md5
      md5: f8ada7cf49c0866d65bed0f062f9d71b
      size: 4415
  switch:
    cmd: python -m src.deploy.switcher
    deps:
    - path: data/scorecards/latest.parquet
      hash: md5
      md5: ea13a6bb83f69c6dbf6ae3a058b71c75
      size: 4032
    - path: src/deploy
      hash: md5
      md5: a0c23d6a1e89781873f3841645089663.dir
      size: 20435
      nfiles: 4
  report_metrics:
    cmd: python tools/collect_project_metrics.py --subject-run-ts latest --history-source
      lineage --out-dir data/reporting --roadmap-path docs/future_metrics_roadmap.md
    deps:
    - path: artifacts/lineage
      hash: md5
      md5: b8e741283a1d3fb5d941b263fcc0b0f3.dir
      size: 23901
      nfiles: 15
    - path: artifacts/regimes
      hash: md5
      md5: 3bc7ca70e02abc2dc067996d2da60691.dir
      size: 108278
      nfiles: 60
    - path: data/live_sim
      hash: md5
      md5: a567717d0c5a827d968fefbf7f59ddf7.dir
      size: 27550
      nfiles: 6
    - path: data/scorecards
      hash: md5
      md5: 745d4fd454bc10dd9ec2ab325a4cb93b.dir
      size: 8627117
      nfiles: 92
    - path: data/walkforward
      hash: md5
      md5: afb006c61a2322596fcf52def086ef12.dir
      size: 723798
      nfiles: 18
    - path: docs/future_metrics_roadmap.md
      hash: md5
      md5: 0d3a79f687bf5c7d85fb91d4c2af67b4
      size: 3743
    - path: src/reporting
      hash: md5
      md5: fb5379214897c14fe18ae52cc72229ee.dir
      size: 116644
      nfiles: 4
    - path: tests
      hash: md5
      md5: 06ccaa01a8c24f20857b33ade7b73dbe.dir
      size: 770970
      nfiles: 101
    - path: tools/collect_project_metrics.py
      hash: md5
      md5: 5e5a991e42fd645a49b560c647bd9e3f
      size: 269
    outs:
    - path: data/reporting
      hash: md5
      md5: 1dec886c8bd5b3af83febb25ddab5e03.dir
      size: 127051
      nfiles: 5
